uuid: 7d7154d3-4592-499f-9dd7-841443ea98d5
langcode: pt-br
status: true
dependencies:
  config:
    - views.view.listagem_de_cachoeiras
  module:
    - node
    - views
  theme:
    - olivero
id: olivero_views_block__listagem_de_cachoeiras_block
theme: olivero
region: sidebar
weight: 0
provider: null
plugin: 'views_block:listagem_de_cachoeiras-block_1'
settings:
  id: 'views_block:listagem_de_cachoeiras-block_1'
  label: ' 3 últimas cachoeiras cadastradas'
  label_display: visible
  provider: views
  context_mapping:
    tid: '@taxonomy_term.taxonomy_term_route_context:taxonomy_term'
  views_label: ' 3 últimas cachoeiras cadastradas'
  items_per_page: none
visibility:
  'entity_bundle:node':
    id: 'entity_bundle:node'
    negate: false
    context_mapping:
      node: '@node.node_route_context:node'
    bundles:
      cachoeiras: cachoeiras
